// !$*UTF8*$!
{
	archiveVersion = 1;
	classes = {
	};
	objectVersion = 56;
	objects = {

/* Begin PBXBuildFile section */
		C558242B47B8639B2FBF9C48 /* Pods_tableView_placeholder_and_states.framework in Frameworks */ = {isa = PBXBuildFile; fileRef = A29983EBD8EDA1FB22F4DDA4 /* Pods_tableView_placeholder_and_states.framework */; };
		CC9F7DFD2B888D9200582CCF /* AppDelegate.swift in Sources */ = {isa = PBXBuildFile; fileRef = CC9F7DFC2B888D9200582CCF /* AppDelegate.swift */; };
		CC9F7DFF2B888D9200582CCF /* SceneDelegate.swift in Sources */ = {isa = PBXBuildFile; fileRef = CC9F7DFE2B888D9200582CCF /* SceneDelegate.swift */; };
		CC9F7E012B888D9200582CCF /* ViewController.swift in Sources */ = {isa = PBXBuildFile; fileRef = CC9F7E002B888D9200582CCF /* ViewController.swift */; };
		CC9F7E042B888D9200582CCF /* Main.storyboard in Resources */ = {isa = PBXBuildFile; fileRef = CC9F7E022B888D9200582CCF /* Main.storyboard */; };
		CC9F7E062B888D9300582CCF /* Assets.xcassets in Resources */ = {isa = PBXBuildFile; fileRef = CC9F7E052B888D9300582CCF /* Assets.xcassets */; };
		CC9F7E092B888D9400582CCF /* LaunchScreen.storyboard in Resources */ = {isa = PBXBuildFile; fileRef = CC9F7E072B888D9400582CCF /* LaunchScreen.storyboard */; };
/* End PBXBuildFile section */

/* Begin PBXFileReference section */
		6C93C3104FC5B0FF97C07103 /* Pods-tableView placeholder and states.debug.xcconfig */ = {isa = PBXFileReference; includeInIndex = 1; lastKnownFileType = text.xcconfig; name = "Pods-tableView placeholder and states.debug.xcconfig"; path = "Target Support Files/Pods-tableView placeholder and states/Pods-tableView placeholder and states.debug.xcconfig"; sourceTree = "<group>"; };
		A29983EBD8EDA1FB22F4DDA4 /* Pods_tableView_placeholder_and_states.framework */ = {isa = PBXFileReference; explicitFileType = wrapper.framework; includeInIndex = 0; path = Pods_tableView_placeholder_and_states.framework; sourceTree = BUILT_PRODUCTS_DIR; };
		CC9F7DF92B888D9200582CCF /* tableView placeholder and states.app */ = {isa = PBXFileReference; explicitFileType = wrapper.application; includeInIndex = 0; path = "tableView placeholder and states.app"; sourceTree = BUILT_PRODUCTS_DIR; };
		CC9F7DFC2B888D9200582CCF /* AppDelegate.swift */ = {isa = PBXFileReference; lastKnownFileType = sourcecode.swift; path = AppDelegate.swift; sourceTree = "<group>"; };
		CC9F7DFE2B888D9200582CCF /* SceneDelegate.swift */ = {isa = PBXFileReference; lastKnownFileType = sourcecode.swift; path = SceneDelegate.swift; sourceTree = "<group>"; };
		CC9F7E002B888D9200582CCF /* ViewController.swift */ = {isa = PBXFileReference; lastKnownFileType = sourcecode.swift; path = ViewController.swift; sourceTree = "<group>"; };
		CC9F7E032B888D9200582CCF /* Base */ = {isa = PBXFileReference; lastKnownFileType = file.storyboard; name = Base; path = Base.lproj/Main.storyboard; sourceTree = "<group>"; };
		CC9F7E052B888D9300582CCF /* Assets.xcassets */ = {isa = PBXFileReference; lastKnownFileType = folder.assetcatalog; path = Assets.xcassets; sourceTree = "<group>"; };
		CC9F7E082B888D9400582CCF /* Base */ = {isa = PBXFileReference; lastKnownFileType = file.storyboard; name = Base; path = Base.lproj/LaunchScreen.storyboard; sourceTree = "<group>"; };
		CC9F7E0A2B888D9400582CCF /* Info.plist */ = {isa = PBXFileReference; lastKnownFileType = text.plist.xml; path = Info.plist; sourceTree = "<group>"; };
		EF22CA5529740DA5F71090DD /* Pods-tableView placeholder and states.release.xcconfig */ = {isa = PBXFileReference; includeInIndex = 1; lastKnownFileType = text.xcconfig; name = "Pods-tableView placeholder and states.release.xcconfig"; path = "Target Support Files/Pods-tableView placeholder and states/Pods-tableView placeholder and states.release.xcconfig"; sourceTree = "<group>"; };
/* End PBXFileReference section */

/* Begin PBXFrameworksBuildPhase section */
		CC9F7DF62B888D9200582CCF /* Frameworks */ = {
			isa = PBXFrameworksBuildPhase;
			buildActionMask = 2147483647;
			files = (
				C558242B47B8639B2FBF9C48 /* Pods_tableView_placeholder_and_states.framework in Frameworks */,
			);
			runOnlyForDeploymentPostprocessing = 0;
		};
/* End PBXFrameworksBuildPhase section */

/* Begin PBXGroup section */
		903DA5ADC3ED2205B6FFA450 /* Frameworks */ = {
			isa = PBXGroup;
			children = (
				A29983EBD8EDA1FB22F4DDA4 /* Pods_tableView_placeholder_and_states.framework */,
			);
			name = Frameworks;
			sourceTree = "<group>";
		};
		96D292B0CEDBB14A6D3E4066 /* Pods */ = {
			isa = PBXGroup;
			children = (
				6C93C3104FC5B0FF97C07103 /* Pods-tableView placeholder and states.debug.xcconfig */,
				EF22CA5529740DA5F71090DD /* Pods-tableView placeholder and states.release.xcconfig */,
			);
			path = Pods;
			sourceTree = "<group>";
		};
		CC9F7DF02B888D9200582CCF = {
			isa = PBXGroup;
			children = (
				CC9F7DFB2B888D9200582CCF /* tableView placeholder and states */,
				CC9F7DFA2B888D9200582CCF /* Products */,
				96D292B0CEDBB14A6D3E4066 /* Pods */,
				903DA5ADC3ED2205B6FFA450 /* Frameworks */,
			);
			sourceTree = "<group>";
		};
		CC9F7DFA2B888D9200582CCF /* Products */ = {
			isa = PBXGroup;
			children = (
				CC9F7DF92B888D9200582CCF /* tableView placeholder and states.app */,
			);
			name = Products;
			sourceTree = "<group>";
		};
		CC9F7DFB2B888D9200582CCF /* tableView placeholder and states */ = {
			isa = PBXGroup;
			children = (
				CC9F7DFC2B888D9200582CCF /* AppDelegate.swift */,
				CC9F7DFE2B888D9200582CCF /* SceneDelegate.swift */,
				CC9F7E002B888D9200582CCF /* ViewController.swift */,
				CC9F7E022B888D9200582CCF /* Main.storyboard */,
				CC9F7E052B888D9300582CCF /* Assets.xcassets */,
				CC9F7E072B888D9400582CCF /* LaunchScreen.storyboard */,
				CC9F7E0A2B888D9400582CCF /* Info.plist */,
			);
			path = "tableView placeholder and states";
			sourceTree = "<group>";
		};
/* End PBXGroup section */

/* Begin PBXNativeTarget section */
		CC9F7DF82B888D9200582CCF /* tableView placeholder and states */ = {
			isa = PBXNativeTarget;
			buildConfigurationList = CC9F7E0D2B888D9400582CCF /* Build configuration list for PBXNativeTarget "tableView placeholder and states" */;
			buildPhases = (
				9C6868F276D78E23A44162CD /* [CP] Check Pods Manifest.lock */,
				CC9F7DF52B888D9200582CCF /* Sources */,
				CC9F7DF62B888D9200582CCF /* Frameworks */,
				CC9F7DF72B888D9200582CCF /* Resources */,
				3524498B27472C142D5B09E4 /* [CP] Embed Pods Frameworks */,
			);
			buildRules = (
			);
			dependencies = (
			);
			name = "tableView placeholder and states";
			productName = "tableView placeholder and states";
			productReference = CC9F7DF92B888D9200582CCF /* tableView placeholder and states.app */;
			productType = "com.apple.product-type.application";
		};
/* End PBXNativeTarget section */

/* Begin PBXProject section */
		CC9F7DF12B888D9200582CCF /* Project object */ = {
			isa = PBXProject;
			attributes = {
				BuildIndependentTargetsInParallel = 1;
				LastSwiftUpdateCheck = 1520;
				LastUpgradeCheck = 1520;
				TargetAttributes = {
					CC9F7DF82B888D9200582CCF = {
						CreatedOnToolsVersion = 15.2;
					};
				};
			};
			buildConfigurationList = CC9F7DF42B888D9200582CCF /* Build configuration list for PBXProject "tableView placeholder and states" */;
			compatibilityVersion = "Xcode 14.0";
			developmentRegion = en;
			hasScannedForEncodings = 0;
			knownRegions = (
				en,
				Base,
			);
			mainGroup = CC9F7DF02B888D9200582CCF;
			productRefGroup = CC9F7DFA2B888D9200582CCF /* Products */;
			projectDirPath = "";
			projectRoot = "";
			targets = (
				CC9F7DF82B888D9200582CCF /* tableView placeholder and states */,
			);
		};
/* End PBXProject section */

/* Begin PBXResourcesBuildPhase section */
		CC9F7DF72B888D9200582CCF /* Resources */ = {
			isa = PBXResourcesBuildPhase;
			buildActionMask = 2147483647;
			files = (
				CC9F7E092B888D9400582CCF /* LaunchScreen.storyboard in Resources */,
				CC9F7E062B888D9300582CCF /* Assets.xcassets in Resources */,
				CC9F7E042B888D9200582CCF /* Main.storyboard in Resources */,
			);
			runOnlyForDeploymentPostprocessing = 0;
		};
/* End PBXResourcesBuildPhase section */

/* Begin PBXShellScriptBuildPhase section */
		3524498B27472C142D5B09E4 /* [CP] Embed Pods Frameworks */ = {
			isa = PBXShellScriptBuildPhase;
			buildActionMask = 2147483647;
			files = (
			);
			inputFileListPaths = (
				"${PODS_ROOT}/Target Support Files/Pods-tableView placeholder and states/Pods-tableView placeholder and states-frameworks-${CONFIGURATION}-input-files.xcfilelist",
			);
			name = "[CP] Embed Pods Frameworks";
			outputFileListPaths = (
				"${PODS_ROOT}/Target Support Files/Pods-tableView placeholder and states/Pods-tableView placeholder and states-frameworks-${CONFIGURATION}-output-files.xcfilelist",
			);
			runOnlyForDeploymentPostprocessing = 0;
			shellPath = /bin/sh;
			shellScript = "\"${PODS_ROOT}/Target Support Files/Pods-tableView placeholder and states/Pods-tableView placeholder and states-frameworks.sh\"\n";
			showEnvVarsInLog = 0;
		};
		9C6868F276D78E23A44162CD /* [CP] Check Pods Manifest.lock */ = {
			isa = PBXShellScriptBuildPhase;
			buildActionMask = 2147483647;
			files = (
			);
			inputFileListPaths = (
			);
			inputPaths = (
				"${PODS_PODFILE_DIR_PATH}/Podfile.lock",
				"${PODS_ROOT}/Manifest.lock",
			);
			name = "[CP] Check Pods Manifest.lock";
			outputFileListPaths = (
			);
			outputPaths = (
				"$(DERIVED_FILE_DIR)/Pods-tableView placeholder and states-checkManifestLockResult.txt",
			);
			runOnlyForDeploymentPostprocessing = 0;
			shellPath = /bin/sh;
			shellScript = "diff \"${PODS_PODFILE_DIR_PATH}/Podfile.lock\" \"${PODS_ROOT}/Manifest.lock\" > /dev/null\nif [ $? != 0 ] ; then\n    # print error to STDERR\n    echo \"error: The sandbox is not in sync with the Podfile.lock. Run 'pod install' or update your CocoaPods installation.\" >&2\n    exit 1\nfi\n# This output is used by Xcode 'outputs' to avoid re-running this script phase.\necho \"SUCCESS\" > \"${SCRIPT_OUTPUT_FILE_0}\"\n";
			showEnvVarsInLog = 0;
		};
/* End PBXShellScriptBuildPhase section */

/* Begin PBXSourcesBuildPhase section */
		CC9F7DF52B888D9200582CCF /* Sources */ = {
			isa = PBXSourcesBuildPhase;
			buildActionMask = 2147483647;
			files = (
				CC9F7E012B888D9200582CCF /* ViewController.swift in Sources */,
				CC9F7DFD2B888D9200582CCF /* AppDelegate.swift in Sources */,
				CC9F7DFF2B888D9200582CCF /* SceneDelegate.swift in Sources */,
			);
			runOnlyForDeploymentPostprocessing = 0;
		};
/* End PBXSourcesBuildPhase section */

/* Begin PBXVariantGroup section */
		CC9F7E022B888D9200582CCF /* Main.storyboard */ = {
			isa = PBXVariantGroup;
			children = (
				CC9F7E032B888D9200582CCF /* Base */,
			);
			name = Main.storyboard;
			sourceTree = "<group>";
		};
		CC9F7E072B888D9400582CCF /* LaunchScreen.storyboard */ = {
			isa = PBXVariantGroup;
			children = (
				CC9F7E082B888D9400582CCF /* Base */,
			);
			name = LaunchScreen.storyboard;
			sourceTree = "<group>";
		};
/* End PBXVariantGroup section */

/* Begin XCBuildConfiguration section */
		CC9F7E0B2B888D9400582CCF /* Debug */ = {
			isa = XCBuildConfiguration;
			buildSettings = {
				ALWAYS_SEARCH_USER_PATHS = NO;
				ASSETCATALOG_COMPILER_GENERATE_SWIFT_ASSET_SYMBOL_EXTENSIONS = YES;
				CLANG_ANALYZER_NONNULL = YES;
				CLANG_ANALYZER_NUMBER_OBJECT_CONVERSION = YES_AGGRESSIVE;
				CLANG_CXX_LANGUAGE_STANDARD = "gnu++20";
				CLANG_ENABLE_MODULES = YES;
				CLANG_ENABLE_OBJC_ARC = YES;
				CLANG_ENABLE_OBJC_WEAK = YES;
				CLANG_WARN_BLOCK_CAPTURE_AUTORELEASING = YES;
				CLANG_WARN_BOOL_CONVERSION = YES;
				CLANG_WARN_COMMA = YES;
				CLANG_WARN_CONSTANT_CONVERSION = YES;
				CLANG_WARN_DEPRECATED_OBJC_IMPLEMENTATIONS = YES;
				CLANG_WARN_DIRECT_OBJC_ISA_USAGE = YES_ERROR;
				CLANG_WARN_DOCUMENTATION_COMMENTS = YES;
				CLANG_WARN_EMPTY_BODY = YES;
				CLANG_WARN_ENUM_CONVERSION = YES;
				CLANG_WARN_INFINITE_RECURSION = YES;
				CLANG_WARN_INT_CONVERSION = YES;
				CLANG_WARN_NON_LITERAL_NULL_CONVERSION = YES;
				CLANG_WARN_OBJC_IMPLICIT_RETAIN_SELF = YES;
				CLANG_WARN_OBJC_LITERAL_CONVERSION = YES;
				CLANG_WARN_OBJC_ROOT_CLASS = YES_ERROR;
				CLANG_WARN_QUOTED_INCLUDE_IN_FRAMEWORK_HEADER = YES;
				CLANG_WARN_RANGE_LOOP_ANALYSIS = YES;
				CLANG_WARN_STRICT_PROTOTYPES = YES;
				CLANG_WARN_SUSPICIOUS_MOVE = YES;
				CLANG_WARN_UNGUARDED_AVAILABILITY = YES_AGGRESSIVE;
				CLANG_WARN_UNREACHABLE_CODE = YES;
				CLANG_WARN__DUPLICATE_METHOD_MATCH = YES;
				COPY_PHASE_STRIP = NO;
				DEBUG_INFORMATION_FORMAT = dwarf;
				ENABLE_STRICT_OBJC_MSGSEND = YES;
				ENABLE_TESTABILITY = YES;
				ENABLE_USER_SCRIPT_SANDBOXING = YES;
				GCC_C_LANGUAGE_STANDARD = gnu17;
				GCC_DYNAMIC_NO_PIC = NO;
				GCC_NO_COMMON_BLOCKS = YES;
				GCC_OPTIMIZATION_LEVEL = 0;
				GCC_PREPROCESSOR_DEFINITIONS = (
					"DEBUG=1",
					"$(inherited)",
				);
				GCC_WARN_64_TO_32_BIT_CONVERSION = YES;
				GCC_WARN_ABOUT_RETURN_TYPE = YES_ERROR;
				GCC_WARN_UNDECLARED_SELECTOR = YES;
				GCC_WARN_UNINITIALIZED_AUTOS = YES_AGGRESSIVE;
				GCC_WARN_UNUSED_FUNCTION = YES;
				GCC_WARN_UNUSED_VARIABLE = YES;
				IPHONEOS_DEPLOYMENT_TARGET = 17.2;
				LOCALIZATION_PREFERS_STRING_CATALOGS = YES;
				MTL_ENABLE_DEBUG_INFO = INCLUDE_SOURCE;
				MTL_FAST_MATH = YES;
				ONLY_ACTIVE_ARCH = YES;
				SDKROOT = iphoneos;
				SWIFT_ACTIVE_COMPILATION_CONDITIONS = "DEBUG $(inherited)";
				SWIFT_OPTIMIZATION_LEVEL = "-Onone";
			};
			name = Debug;
		};
		CC9F7E0C2B888D9400582CCF /* Release */ = {
			isa = XCBuildConfiguration;
			buildSettings = {
				ALWAYS_SEARCH_USER_PATHS = NO;
				ASSETCATALOG_COMPILER_GENERATE_SWIFT_ASSET_SYMBOL_EXTENSIONS = YES;
				CLANG_ANALYZER_NONNULL = YES;
				CLANG_ANALYZER_NUMBER_OBJECT_CONVERSION = YES_AGGRESSIVE;
				CLANG_CXX_LANGUAGE_STANDARD = "gnu++20";
				CLANG_ENABLE_MODULES = YES;
				CLANG_ENABLE_OBJC_ARC = YES;
				CLANG_ENABLE_OBJC_WEAK = YES;
				CLANG_WARN_BLOCK_CAPTURE_AUTORELEASING = YES;
				CLANG_WARN_BOOL_CONVERSION = YES;
				CLANG_WARN_COMMA = YES;
				CLANG_WARN_CONSTANT_CONVERSION = YES;
				CLANG_WARN_DEPRECATED_OBJC_IMPLEMENTATIONS = YES;
				CLANG_WARN_DIRECT_OBJC_ISA_USAGE = YES_ERROR;
				CLANG_WARN_DOCUMENTATION_COMMENTS = YES;
				CLANG_WARN_EMPTY_BODY = YES;
				CLANG_WARN_ENUM_CONVERSION = YES;
				CLANG_WARN_INFINITE_RECURSION = YES;
				CLANG_WARN_INT_CONVERSION = YES;
				CLANG_WARN_NON_LITERAL_NULL_CONVERSION = YES;
				CLANG_WARN_OBJC_IMPLICIT_RETAIN_SELF = YES;
				CLANG_WARN_OBJC_LITERAL_CONVERSION = YES;
				CLANG_WARN_OBJC_ROOT_CLASS = YES_ERROR;
				CLANG_WARN_QUOTED_INCLUDE_IN_FRAMEWORK_HEADER = YES;
				CLANG_WARN_RANGE_LOOP_ANALYSIS = YES;
				CLANG_WARN_STRICT_PROTOTYPES = YES;
				CLANG_WARN_SUSPICIOUS_MOVE = YES;
				CLANG_WARN_UNGUARDED_AVAILABILITY = YES_AGGRESSIVE;
				CLANG_WARN_UNREACHABLE_CODE = YES;
				CLANG_WARN__DUPLICATE_METHOD_MATCH = YES;
				COPY_PHASE_STRIP = NO;
				DEBUG_INFORMATION_FORMAT = "dwarf-with-dsym";
				ENABLE_NS_ASSERTIONS = NO;
				ENABLE_STRICT_OBJC_MSGSEND = YES;
				ENABLE_USER_SCRIPT_SANDBOXING = YES;
				GCC_C_LANGUAGE_STANDARD = gnu17;
				GCC_NO_COMMON_BLOCKS = YES;
				GCC_WARN_64_TO_32_BIT_CONVERSION = YES;
				GCC_WARN_ABOUT_RETURN_TYPE = YES_ERROR;
				GCC_WARN_UNDECLARED_SELECTOR = YES;
				GCC_WARN_UNINITIALIZED_AUTOS = YES_AGGRESSIVE;
				GCC_WARN_UNUSED_FUNCTION = YES;
				GCC_WARN_UNUSED_VARIABLE = YES;
				IPHONEOS_DEPLOYMENT_TARGET = 17.2;
				LOCALIZATION_PREFERS_STRING_CATALOGS = YES;
				MTL_ENABLE_DEBUG_INFO = NO;
				MTL_FAST_MATH = YES;
				SDKROOT = iphoneos;
				SWIFT_COMPILATION_MODE = wholemodule;
				VALIDATE_PRODUCT = YES;
			};
			name = Release;
		};
		CC9F7E0E2B888D9400582CCF /* Debug */ = {
			isa = XCBuildConfiguration;
			baseConfigurationReference = 6C93C3104FC5B0FF97C07103 /* Pods-tableView placeholder and states.debug.xcconfig */;
			buildSettings = {
				ASSETCATALOG_COMPILER_APPICON_NAME = AppIcon;
				ASSETCATALOG_COMPILER_GLOBAL_ACCENT_COLOR_NAME = AccentColor;
				CODE_SIGN_STYLE = Automatic;
				CURRENT_PROJECT_VERSION = 1;
				GENERATE_INFOPLIST_FILE = YES;
				INFOPLIST_FILE = "tableView placeholder and states/Info.plist";
				INFOPLIST_KEY_UIApplicationSupportsIndirectInputEvents = YES;
				INFOPLIST_KEY_UILaunchStoryboardName = LaunchScreen;
				INFOPLIST_KEY_UIMainStoryboardFile = Main;
				INFOPLIST_KEY_UISupportedInterfaceOrientations_iPad = "UIInterfaceOrientationPortrait UIInterfaceOrientationPortraitUpsideDown UIInterfaceOrientationLandscapeLeft UIInterfaceOrientationLandscapeRight";
				INFOPLIST_KEY_UISupportedInterfaceOrientations_iPhone = "UIInterfaceOrientationPortrait UIInterfaceOrientationLandscapeLeft UIInterfaceOrientationLandscapeRight";
				LD_RUNPATH_SEARCH_PATHS = (
					"$(inherited)",
					"@executable_path/Frameworks",
				);
				MARKETING_VERSION = 1.0;
				PRODUCT_BUNDLE_IDENTIFIER = "com.oyorooms.tableView-placeholder-and-states";
				PRODUCT_NAME = "$(TARGET_NAME)";
				SWIFT_EMIT_LOC_STRINGS = YES;
				SWIFT_VERSION = 5.0;
				TARGETED_DEVICE_FAMILY = "1,2";
			};
			name = Debug;
		};
		CC9F7E0F2B888D9400582CCF /* Release */ = {
			isa = XCBuildConfiguration;
			baseConfigurationReference = EF22CA5529740DA5F71090DD /* Pods-tableView placeholder and states.release.xcconfig */;
			buildSettings = {
				ASSETCATALOG_COMPILER_APPICON_NAME = AppIcon;
				ASSETCATALOG_COMPILER_GLOBAL_ACCENT_COLOR_NAME = AccentColor;
				CODE_SIGN_STYLE = Automatic;
				CURRENT_PROJECT_VERSION = 1;
				GENERATE_INFOPLIST_FILE = YES;
				INFOPLIST_FILE = "tableView placeholder and states/Info.plist";
				INFOPLIST_KEY_UIApplicationSupportsIndirectInputEvents = YES;
				INFOPLIST_KEY_UILaunchStoryboardName = LaunchScreen;
				INFOPLIST_KEY_UIMainStoryboardFile = Main;
				INFOPLIST_KEY_UISupportedInterfaceOrientations_iPad = "UIInterfaceOrientationPortrait UIInterfaceOrientationPortraitUpsideDown UIInterfaceOrientationLandscapeLeft UIInterfaceOrientationLandscapeRight";
				INFOPLIST_KEY_UISupportedInterfaceOrientations_iPhone = "UIInterfaceOrientationPortrait UIInterfaceOrientationLandscapeLeft UIInterfaceOrientationLandscapeRight";
				LD_RUNPATH_SEARCH_PATHS = (
					"$(inherited)",
					"@executable_path/Frameworks",
				);
				MARKETING_VERSION = 1.0;
				PRODUCT_BUNDLE_IDENTIFIER = "com.oyorooms.tableView-placeholder-and-states";
				PRODUCT_NAME = "$(TARGET_NAME)";
				SWIFT_EMIT_LOC_STRINGS = YES;
				SWIFT_VERSION = 5.0;
				TARGETED_DEVICE_FAMILY = "1,2";
			};
			name = Release;
		};
/* End XCBuildConfiguration section */

/* Begin XCConfigurationList section */
		CC9F7DF42B888D9200582CCF /* Build configuration list for PBXProject "tableView placeholder and states" */ = {
			isa = XCConfigurationList;
			buildConfigurations = (
				CC9F7E0B2B888D9400582CCF /* Debug */,
				CC9F7E0C2B888D9400582CCF /* Release */,
			);
			defaultConfigurationIsVisible = 0;
			defaultConfigurationName = Release;
		};
		CC9F7E0D2B888D9400582CCF /* Build configuration list for PBXNativeTarget "tableView placeholder and states" */ = {
			isa = XCConfigurationList;
			buildConfigurations = (
				CC9F7E0E2B888D9400582CCF /* Debug */,
				CC9F7E0F2B888D9400582CCF /* Release */,
			);
			defaultConfigurationIsVisible = 0;
			defaultConfigurationName = Release;
		};
/* End XCConfigurationList section */
	};
	rootObject = CC9F7DF12B888D9200582CCF /* Project object */;
}
